
Microsoft Visual Studio Solution File, Format Version 12.00
# Visual Studio Version 17
VisualStudioVersion = 17.14.36109.1 d17.14
MinimumVisualStudioVersion = 10.0.40219.1
Project("{8BC9CEB8-8B4A-11D0-8D11-00A0C91BC942}") = "FPP_Tower_Defence", "FPP_Tower_Defence.vcxproj", "{E8A995D9-0145-4C73-A377-0A5E19BE23B5}"
EndProject
Global
	GlobalSection(SolutionConfigurationPlatforms) = preSolution
		Debug|x64 = Debug|x64
		Debug|x86 = Debug|x86
		Release|x64 = Release|x64
		Release|x86 = Release|x86
	EndGlobalSection
	GlobalSection(ProjectConfigurationPlatforms) = postSolution
		{E8A995D9-0145-4C73-A377-0A5E19BE23B5}.Debug|x64.ActiveCfg = Debug|x64
		{E8A995D9-0145-4C73-A377-0A5E19BE23B5}.Debug|x64.Build.0 = Debug|x64
		{E8A995D9-0145-4C73-A377-0A5E19BE23B5}.Debug|x86.ActiveCfg = Debug|Win32
		{E8A995D9-0145-4C73-A377-0A5E19BE23B5}.Debug|x86.Build.0 = Debug|Win32
		{E8A995D9-0145-4C73-A377-0A5E19BE23B5}.Release|x64.ActiveCfg = Release|x64
		{E8A995D9-0145-4C73-A377-0A5E19BE23B5}.Release|x64.Build.0 = Release|x64
		{E8A995D9-0145-4C73-A377-0A5E19BE23B5}.Release|x86.ActiveCfg = Release|Win32
		{E8A995D9-0145-4C73-A377-0A5E19BE23B5}.Release|x86.Build.0 = Release|Win32
	EndGlobalSection
	GlobalSection(SolutionProperties) = preSolution
		HideSolutionNode = FALSE
	EndGlobalSection
	GlobalSection(ExtensibilityGlobals) = postSolution
		SolutionGuid = {6FCFE4C5-3F1A-4E1E-8F28-B258B7EEE605}
	EndGlobalSection
EndGlobal
